// !$*UTF8*$!
{
	archiveVersion = 1;
	classes = {
	};
	objectVersion = 50;
	objects = {

/* Begin PBXBuildFile section */
		A72C32C322EFF23E00F01824 /* StartViewController.swift in Sources */ = {isa = PBXBuildFile; fileRef = A72C32C222EFF23E00F01824 /* StartViewController.swift */; };
		A72C32C522F12E5100F01824 /* SignUpViewController.swift in Sources */ = {isa = PBXBuildFile; fileRef = A72C32C422F12E5100F01824 /* SignUpViewController.swift */; };
		A72C32C722F12EA900F01824 /* LoginViewController.swift in Sources */ = {isa = PBXBuildFile; fileRef = A72C32C622F12EA900F01824 /* LoginViewController.swift */; };
		A7B0287522D8275B0087B294 /* AppDelegate.swift in Sources */ = {isa = PBXBuildFile; fileRef = A7B0287422D8275B0087B294 /* AppDelegate.swift */; };
		A7B0287722D8275B0087B294 /* MealViewController.swift in Sources */ = {isa = PBXBuildFile; fileRef = A7B0287622D8275B0087B294 /* MealViewController.swift */; };
		A7B0287A22D8275B0087B294 /* Main.storyboard in Resources */ = {isa = PBXBuildFile; fileRef = A7B0287822D8275B0087B294 /* Main.storyboard */; };
		A7B0287F22D8275D0087B294 /* LaunchScreen.storyboard in Resources */ = {isa = PBXBuildFile; fileRef = A7B0287D22D8275D0087B294 /* LaunchScreen.storyboard */; };
		A7B0288A22D8275D0087B294 /* FoodTrackerTests.swift in Sources */ = {isa = PBXBuildFile; fileRef = A7B0288922D8275D0087B294 /* FoodTrackerTests.swift */; };
		A7D7103222DADDAD002EC07E /* RatingControl.swift in Sources */ = {isa = PBXBuildFile; fileRef = A7D7103122DADDAD002EC07E /* RatingControl.swift */; };
		A7D7103422DB9892002EC07E /* Assets.xcassets in Resources */ = {isa = PBXBuildFile; fileRef = A7D7103322DB9891002EC07E /* Assets.xcassets */; };
		A7D7103622DBA93A002EC07E /* Meal.swift in Sources */ = {isa = PBXBuildFile; fileRef = A7D7103522DBA93A002EC07E /* Meal.swift */; };
		A7D7103822DBAEB0002EC07E /* MealTableViewCell.swift in Sources */ = {isa = PBXBuildFile; fileRef = A7D7103722DBAEB0002EC07E /* MealTableViewCell.swift */; };
		A7D7103E22DBB542002EC07E /* MealTableViewController.swift in Sources */ = {isa = PBXBuildFile; fileRef = A7D7103D22DBB542002EC07E /* MealTableViewController.swift */; };
		A8A451F829E3E409C1F8EB70 /* Pods_icebreaker_vers1.framework in Frameworks */ = {isa = PBXBuildFile; fileRef = 2B57AA2DF875B1CB9BE888D3 /* Pods_icebreaker_vers1.framework */; };
		B69666EB20C74F5F0F454BE7 /* Pods_icebreaker_vers1Tests.framework in Frameworks */ = {isa = PBXBuildFile; fileRef = 9AE0D7FB783C0CE3412083E4 /* Pods_icebreaker_vers1Tests.framework */; };
		BAA9E1C022F7555500E2A718 /* GoogleService-Info.plist in Resources */ = {isa = PBXBuildFile; fileRef = BAA9E1BF22F7555500E2A718 /* GoogleService-Info.plist */; };
/* End PBXBuildFile section */

/* Begin PBXContainerItemProxy section */
		A7B0288622D8275D0087B294 /* PBXContainerItemProxy */ = {
			isa = PBXContainerItemProxy;
			containerPortal = A7B0286922D8275B0087B294 /* Project object */;
			proxyType = 1;
			remoteGlobalIDString = A7B0287022D8275B0087B294;
			remoteInfo = FoodTracker;
		};
/* End PBXContainerItemProxy section */

/* Begin PBXFileReference section */
		2B57AA2DF875B1CB9BE888D3 /* Pods_icebreaker_vers1.framework */ = {isa = PBXFileReference; explicitFileType = wrapper.framework; includeInIndex = 0; path = Pods_icebreaker_vers1.framework; sourceTree = BUILT_PRODUCTS_DIR; };
		2F7D3446F002975C000A3DEA /* Pods-icebreaker_vers1.release.xcconfig */ = {isa = PBXFileReference; includeInIndex = 1; lastKnownFileType = text.xcconfig; name = "Pods-icebreaker_vers1.release.xcconfig"; path = "Target Support Files/Pods-icebreaker_vers1/Pods-icebreaker_vers1.release.xcconfig"; sourceTree = "<group>"; };
		73F82E1B30B162CCC72DB541 /* Pods-icebreaker_vers1.debug.xcconfig */ = {isa = PBXFileReference; includeInIndex = 1; lastKnownFileType = text.xcconfig; name = "Pods-icebreaker_vers1.debug.xcconfig"; path = "Target Support Files/Pods-icebreaker_vers1/Pods-icebreaker_vers1.debug.xcconfig"; sourceTree = "<group>"; };
		7706F126969F63F34607217F /* Pods-icebreaker_vers1Tests.debug.xcconfig */ = {isa = PBXFileReference; includeInIndex = 1; lastKnownFileType = text.xcconfig; name = "Pods-icebreaker_vers1Tests.debug.xcconfig"; path = "Target Support Files/Pods-icebreaker_vers1Tests/Pods-icebreaker_vers1Tests.debug.xcconfig"; sourceTree = "<group>"; };
		9AE0D7FB783C0CE3412083E4 /* Pods_icebreaker_vers1Tests.framework */ = {isa = PBXFileReference; explicitFileType = wrapper.framework; includeInIndex = 0; path = Pods_icebreaker_vers1Tests.framework; sourceTree = BUILT_PRODUCTS_DIR; };
		A72C32C222EFF23E00F01824 /* StartViewController.swift */ = {isa = PBXFileReference; lastKnownFileType = sourcecode.swift; path = StartViewController.swift; sourceTree = "<group>"; };
		A72C32C422F12E5100F01824 /* SignUpViewController.swift */ = {isa = PBXFileReference; lastKnownFileType = sourcecode.swift; path = SignUpViewController.swift; sourceTree = "<group>"; };
		A72C32C622F12EA900F01824 /* LoginViewController.swift */ = {isa = PBXFileReference; lastKnownFileType = sourcecode.swift; path = LoginViewController.swift; sourceTree = "<group>"; };
		A7B0287122D8275B0087B294 /* icebreaker_vers1.app */ = {isa = PBXFileReference; explicitFileType = wrapper.application; includeInIndex = 0; path = icebreaker_vers1.app; sourceTree = BUILT_PRODUCTS_DIR; };
		A7B0287422D8275B0087B294 /* AppDelegate.swift */ = {isa = PBXFileReference; lastKnownFileType = sourcecode.swift; path = AppDelegate.swift; sourceTree = "<group>"; };
		A7B0287622D8275B0087B294 /* MealViewController.swift */ = {isa = PBXFileReference; lastKnownFileType = sourcecode.swift; path = MealViewController.swift; sourceTree = "<group>"; };
		A7B0287922D8275B0087B294 /* Base */ = {isa = PBXFileReference; lastKnownFileType = file.storyboard; name = Base; path = Base.lproj/Main.storyboard; sourceTree = "<group>"; };
		A7B0287E22D8275D0087B294 /* Base */ = {isa = PBXFileReference; lastKnownFileType = file.storyboard; name = Base; path = Base.lproj/LaunchScreen.storyboard; sourceTree = "<group>"; };
		A7B0288022D8275D0087B294 /* Info.plist */ = {isa = PBXFileReference; lastKnownFileType = text.plist.xml; path = Info.plist; sourceTree = "<group>"; };
		A7B0288522D8275D0087B294 /* icebreaker_vers1Tests.xctest */ = {isa = PBXFileReference; explicitFileType = wrapper.cfbundle; includeInIndex = 0; path = icebreaker_vers1Tests.xctest; sourceTree = BUILT_PRODUCTS_DIR; };
		A7B0288922D8275D0087B294 /* FoodTrackerTests.swift */ = {isa = PBXFileReference; lastKnownFileType = sourcecode.swift; path = FoodTrackerTests.swift; sourceTree = "<group>"; };
		A7B0288B22D8275D0087B294 /* Info.plist */ = {isa = PBXFileReference; lastKnownFileType = text.plist.xml; path = Info.plist; sourceTree = "<group>"; };
		A7D7103122DADDAD002EC07E /* RatingControl.swift */ = {isa = PBXFileReference; lastKnownFileType = sourcecode.swift; path = RatingControl.swift; sourceTree = "<group>"; };
		A7D7103322DB9891002EC07E /* Assets.xcassets */ = {isa = PBXFileReference; lastKnownFileType = folder.assetcatalog; path = Assets.xcassets; sourceTree = "<group>"; };
		A7D7103522DBA93A002EC07E /* Meal.swift */ = {isa = PBXFileReference; lastKnownFileType = sourcecode.swift; path = Meal.swift; sourceTree = "<group>"; };
		A7D7103722DBAEB0002EC07E /* MealTableViewCell.swift */ = {isa = PBXFileReference; lastKnownFileType = sourcecode.swift; path = MealTableViewCell.swift; sourceTree = "<group>"; };
		A7D7103D22DBB542002EC07E /* MealTableViewController.swift */ = {isa = PBXFileReference; lastKnownFileType = sourcecode.swift; path = MealTableViewController.swift; sourceTree = "<group>"; };
		BAA9E1BF22F7555500E2A718 /* GoogleService-Info.plist */ = {isa = PBXFileReference; fileEncoding = 4; lastKnownFileType = text.plist.xml; name = "GoogleService-Info.plist"; path = "../../../../Downloads/GoogleService-Info.plist"; sourceTree = "<group>"; };
		F8835EE835467DBCCEC2D766 /* Pods-icebreaker_vers1Tests.release.xcconfig */ = {isa = PBXFileReference; includeInIndex = 1; lastKnownFileType = text.xcconfig; name = "Pods-icebreaker_vers1Tests.release.xcconfig"; path = "Target Support Files/Pods-icebreaker_vers1Tests/Pods-icebreaker_vers1Tests.release.xcconfig"; sourceTree = "<group>"; };
/* End PBXFileReference section */

/* Begin PBXFrameworksBuildPhase section */
		A7B0286E22D8275B0087B294 /* Frameworks */ = {
			isa = PBXFrameworksBuildPhase;
			buildActionMask = 2147483647;
			files = (
				A8A451F829E3E409C1F8EB70 /* Pods_icebreaker_vers1.framework in Frameworks */,
			);
			runOnlyForDeploymentPostprocessing = 0;
		};
		A7B0288222D8275D0087B294 /* Frameworks */ = {
			isa = PBXFrameworksBuildPhase;
			buildActionMask = 2147483647;
			files = (
				B69666EB20C74F5F0F454BE7 /* Pods_icebreaker_vers1Tests.framework in Frameworks */,
			);
			runOnlyForDeploymentPostprocessing = 0;
		};
/* End PBXFrameworksBuildPhase section */

/* Begin PBXGroup section */
		53C1944A80B37BC19339B27E /* Frameworks */ = {
			isa = PBXGroup;
			children = (
				2B57AA2DF875B1CB9BE888D3 /* Pods_icebreaker_vers1.framework */,
				9AE0D7FB783C0CE3412083E4 /* Pods_icebreaker_vers1Tests.framework */,
			);
			name = Frameworks;
			sourceTree = "<group>";
		};
		A7B0286822D8275B0087B294 = {
			isa = PBXGroup;
			children = (
				A7B0287322D8275B0087B294 /* FoodTracker */,
				A7B0288822D8275D0087B294 /* FoodTrackerTests */,
				A7B0287222D8275B0087B294 /* Products */,
				C9F1B1B2B26A627354318108 /* Pods */,
				53C1944A80B37BC19339B27E /* Frameworks */,
			);
			sourceTree = "<group>";
		};
		A7B0287222D8275B0087B294 /* Products */ = {
			isa = PBXGroup;
			children = (
				A7B0287122D8275B0087B294 /* icebreaker_vers1.app */,
				A7B0288522D8275D0087B294 /* icebreaker_vers1Tests.xctest */,
			);
			name = Products;
			sourceTree = "<group>";
		};
		A7B0287322D8275B0087B294 /* FoodTracker */ = {
			isa = PBXGroup;
			children = (
				A72C32C222EFF23E00F01824 /* StartViewController.swift */,
				A7B0287422D8275B0087B294 /* AppDelegate.swift */,
				A7B0287622D8275B0087B294 /* MealViewController.swift */,
				A7D7103122DADDAD002EC07E /* RatingControl.swift */,
				A7D7103522DBA93A002EC07E /* Meal.swift */,
				A7D7103722DBAEB0002EC07E /* MealTableViewCell.swift */,
				A7D7103D22DBB542002EC07E /* MealTableViewController.swift */,
				A7B0287822D8275B0087B294 /* Main.storyboard */,
				A72C32C622F12EA900F01824 /* LoginViewController.swift */,
				A72C32C422F12E5100F01824 /* SignUpViewController.swift */,
				A7D7103322DB9891002EC07E /* Assets.xcassets */,
				A7B0287D22D8275D0087B294 /* LaunchScreen.storyboard */,
				BAA9E1BF22F7555500E2A718 /* GoogleService-Info.plist */,
				A7B0288022D8275D0087B294 /* Info.plist */,
			);
			path = FoodTracker;
			sourceTree = "<group>";
		};
		A7B0288822D8275D0087B294 /* FoodTrackerTests */ = {
			isa = PBXGroup;
			children = (
				A7B0288922D8275D0087B294 /* FoodTrackerTests.swift */,
				A7B0288B22D8275D0087B294 /* Info.plist */,
			);
			path = FoodTrackerTests;
			sourceTree = "<group>";
		};
		C9F1B1B2B26A627354318108 /* Pods */ = {
			isa = PBXGroup;
			children = (
				73F82E1B30B162CCC72DB541 /* Pods-icebreaker_vers1.debug.xcconfig */,
				2F7D3446F002975C000A3DEA /* Pods-icebreaker_vers1.release.xcconfig */,
				7706F126969F63F34607217F /* Pods-icebreaker_vers1Tests.debug.xcconfig */,
				F8835EE835467DBCCEC2D766 /* Pods-icebreaker_vers1Tests.release.xcconfig */,
			);
			name = Pods;
			path = Pods;
			sourceTree = "<group>";
		};
/* End PBXGroup section */

/* Begin PBXNativeTarget section */
		A7B0287022D8275B0087B294 /* icebreaker_vers1 */ = {
			isa = PBXNativeTarget;
			buildConfigurationList = A7B0288E22D8275D0087B294 /* Build configuration list for PBXNativeTarget "icebreaker_vers1" */;
			buildPhases = (
				2E27741043C7BDD93473ABF9 /* [CP] Check Pods Manifest.lock */,
				A7B0286D22D8275B0087B294 /* Sources */,
				A7B0286E22D8275B0087B294 /* Frameworks */,
				A7B0286F22D8275B0087B294 /* Resources */,
				52A7A3F7CD16A8BFCD4F58BE /* [CP] Embed Pods Frameworks */,
			);
			buildRules = (
			);
			dependencies = (
			);
			name = icebreaker_vers1;
			productName = FoodTracker;
			productReference = A7B0287122D8275B0087B294 /* icebreaker_vers1.app */;
			productType = "com.apple.product-type.application";
		};
		A7B0288422D8275D0087B294 /* icebreaker_vers1Tests */ = {
			isa = PBXNativeTarget;
			buildConfigurationList = A7B0289122D8275D0087B294 /* Build configuration list for PBXNativeTarget "icebreaker_vers1Tests" */;
			buildPhases = (
				61F77AA6202645C9E53C74FB /* [CP] Check Pods Manifest.lock */,
				A7B0288122D8275D0087B294 /* Sources */,
				A7B0288222D8275D0087B294 /* Frameworks */,
				A7B0288322D8275D0087B294 /* Resources */,
			);
			buildRules = (
			);
			dependencies = (
				A7B0288722D8275D0087B294 /* PBXTargetDependency */,
			);
			name = icebreaker_vers1Tests;
			productName = FoodTrackerTests;
			productReference = A7B0288522D8275D0087B294 /* icebreaker_vers1Tests.xctest */;
			productType = "com.apple.product-type.bundle.unit-test";
		};
/* End PBXNativeTarget section */

/* Begin PBXProject section */
		A7B0286922D8275B0087B294 /* Project object */ = {
			isa = PBXProject;
			attributes = {
				LastSwiftUpdateCheck = 1010;
				LastUpgradeCheck = 1010;
				ORGANIZATIONNAME = "Rohan Taneja";
				TargetAttributes = {
					A7B0287022D8275B0087B294 = {
						CreatedOnToolsVersion = 10.1;
					};
					A7B0288422D8275D0087B294 = {
						CreatedOnToolsVersion = 10.1;
						TestTargetID = A7B0287022D8275B0087B294;
					};
				};
			};
			buildConfigurationList = A7B0286C22D8275B0087B294 /* Build configuration list for PBXProject "icebreaker_vers1" */;
			compatibilityVersion = "Xcode 9.3";
			developmentRegion = en;
			hasScannedForEncodings = 0;
			knownRegions = (
				en,
				Base,
			);
			mainGroup = A7B0286822D8275B0087B294;
			productRefGroup = A7B0287222D8275B0087B294 /* Products */;
			projectDirPath = "";
			projectRoot = "";
			targets = (
				A7B0287022D8275B0087B294 /* icebreaker_vers1 */,
				A7B0288422D8275D0087B294 /* icebreaker_vers1Tests */,
			);
		};
/* End PBXProject section */

/* Begin PBXResourcesBuildPhase section */
		A7B0286F22D8275B0087B294 /* Resources */ = {
			isa = PBXResourcesBuildPhase;
			buildActionMask = 2147483647;
			files = (
				A7B0287F22D8275D0087B294 /* LaunchScreen.storyboard in Resources */,
				BAA9E1C022F7555500E2A718 /* GoogleService-Info.plist in Resources */,
				A7D7103422DB9892002EC07E /* Assets.xcassets in Resources */,
				A7B0287A22D8275B0087B294 /* Main.storyboard in Resources */,
			);
			runOnlyForDeploymentPostprocessing = 0;
		};
		A7B0288322D8275D0087B294 /* Resources */ = {
			isa = PBXResourcesBuildPhase;
			buildActionMask = 2147483647;
			files = (
			);
			runOnlyForDeploymentPostprocessing = 0;
		};
/* End PBXResourcesBuildPhase section */

/* Begin PBXShellScriptBuildPhase section */
		2E27741043C7BDD93473ABF9 /* [CP] Check Pods Manifest.lock */ = {
			isa = PBXShellScriptBuildPhase;
			buildActionMask = 2147483647;
			files = (
			);
			inputFileListPaths = (
			);
			inputPaths = (
				"${PODS_PODFILE_DIR_PATH}/Podfile.lock",
				"${PODS_ROOT}/Manifest.lock",
			);
			name = "[CP] Check Pods Manifest.lock";
			outputFileListPaths = (
			);
			outputPaths = (
				"$(DERIVED_FILE_DIR)/Pods-icebreaker_vers1-checkManifestLockResult.txt",
			);
			runOnlyForDeploymentPostprocessing = 0;
			shellPath = /bin/sh;
			shellScript = "diff \"${PODS_PODFILE_DIR_PATH}/Podfile.lock\" \"${PODS_ROOT}/Manifest.lock\" > /dev/null\nif [ $? != 0 ] ; then\n    # print error to STDERR\n    echo \"error: The sandbox is not in sync with the Podfile.lock. Run 'pod install' or update your CocoaPods installation.\" >&2\n    exit 1\nfi\n# This output is used by Xcode 'outputs' to avoid re-running this script phase.\necho \"SUCCESS\" > \"${SCRIPT_OUTPUT_FILE_0}\"\n";
			showEnvVarsInLog = 0;
		};
		52A7A3F7CD16A8BFCD4F58BE /* [CP] Embed Pods Frameworks */ = {
			isa = PBXShellScriptBuildPhase;
			buildActionMask = 2147483647;
			files = (
			);
			inputFileListPaths = (
				"${PODS_ROOT}/Target Support Files/Pods-icebreaker_vers1/Pods-icebreaker_vers1-frameworks-${CONFIGURATION}-input-files.xcfilelist",
			);
			name = "[CP] Embed Pods Frameworks";
			outputFileListPaths = (
				"${PODS_ROOT}/Target Support Files/Pods-icebreaker_vers1/Pods-icebreaker_vers1-frameworks-${CONFIGURATION}-output-files.xcfilelist",
			);
			runOnlyForDeploymentPostprocessing = 0;
			shellPath = /bin/sh;
			shellScript = "\"${PODS_ROOT}/Target Support Files/Pods-icebreaker_vers1/Pods-icebreaker_vers1-frameworks.sh\"\n";
			showEnvVarsInLog = 0;
		};
		61F77AA6202645C9E53C74FB /* [CP] Check Pods Manifest.lock */ = {
			isa = PBXShellScriptBuildPhase;
			buildActionMask = 2147483647;
			files = (
			);
			inputFileListPaths = (
			);
			inputPaths = (
				"${PODS_PODFILE_DIR_PATH}/Podfile.lock",
				"${PODS_ROOT}/Manifest.lock",
			);
			name = "[CP] Check Pods Manifest.lock";
			outputFileListPaths = (
			);
			outputPaths = (
				"$(DERIVED_FILE_DIR)/Pods-icebreaker_vers1Tests-checkManifestLockResult.txt",
			);
			runOnlyForDeploymentPostprocessing = 0;
			shellPath = /bin/sh;
			shellScript = "diff \"${PODS_PODFILE_DIR_PATH}/Podfile.lock\" \"${PODS_ROOT}/Manifest.lock\" > /dev/null\nif [ $? != 0 ] ; then\n    # print error to STDERR\n    echo \"error: The sandbox is not in sync with the Podfile.lock. Run 'pod install' or update your CocoaPods installation.\" >&2\n    exit 1\nfi\n# This output is used by Xcode 'outputs' to avoid re-running this script phase.\necho \"SUCCESS\" > \"${SCRIPT_OUTPUT_FILE_0}\"\n";
			showEnvVarsInLog = 0;
		};
/* End PBXShellScriptBuildPhase section */

/* Begin PBXSourcesBuildPhase section */
		A7B0286D22D8275B0087B294 /* Sources */ = {
			isa = PBXSourcesBuildPhase;
			buildActionMask = 2147483647;
			files = (
				A72C32C722F12EA900F01824 /* LoginViewController.swift in Sources */,
				A7D7103622DBA93A002EC07E /* Meal.swift in Sources */,
				A72C32C322EFF23E00F01824 /* StartViewController.swift in Sources */,
				A72C32C522F12E5100F01824 /* SignUpViewController.swift in Sources */,
				A7B0287722D8275B0087B294 /* MealViewController.swift in Sources */,
				A7D7103222DADDAD002EC07E /* RatingControl.swift in Sources */,
				A7B0287522D8275B0087B294 /* AppDelegate.swift in Sources */,
				A7D7103E22DBB542002EC07E /* MealTableViewController.swift in Sources */,
				A7D7103822DBAEB0002EC07E /* MealTableViewCell.swift in Sources */,
			);
			runOnlyForDeploymentPostprocessing = 0;
		};
		A7B0288122D8275D0087B294 /* Sources */ = {
			isa = PBXSourcesBuildPhase;
			buildActionMask = 2147483647;
			files = (
				A7B0288A22D8275D0087B294 /* FoodTrackerTests.swift in Sources */,
			);
			runOnlyForDeploymentPostprocessing = 0;
		};
/* End PBXSourcesBuildPhase section */

/* Begin PBXTargetDependency section */
		A7B0288722D8275D0087B294 /* PBXTargetDependency */ = {
			isa = PBXTargetDependency;
			target = A7B0287022D8275B0087B294 /* icebreaker_vers1 */;
			targetProxy = A7B0288622D8275D0087B294 /* PBXContainerItemProxy */;
		};
/* End PBXTargetDependency section */

/* Begin PBXVariantGroup section */
		A7B0287822D8275B0087B294 /* Main.storyboard */ = {
			isa = PBXVariantGroup;
			children = (
				A7B0287922D8275B0087B294 /* Base */,
			);
			name = Main.storyboard;
			sourceTree = "<group>";
		};
		A7B0287D22D8275D0087B294 /* LaunchScreen.storyboard */ = {
			isa = PBXVariantGroup;
			children = (
				A7B0287E22D8275D0087B294 /* Base */,
			);
			name = LaunchScreen.storyboard;
			sourceTree = "<group>";
		};
/* End PBXVariantGroup section */

/* Begin XCBuildConfiguration section */
		A7B0288C22D8275D0087B294 /* Debug */ = {
			isa = XCBuildConfiguration;
			buildSettings = {
				ALWAYS_SEARCH_USER_PATHS = NO;
				CLANG_ANALYZER_NONNULL = YES;
				CLANG_ANALYZER_NUMBER_OBJECT_CONVERSION = YES_AGGRESSIVE;
				CLANG_CXX_LANGUAGE_STANDARD = "gnu++14";
				CLANG_CXX_LIBRARY = "libc++";
				CLANG_ENABLE_MODULES = YES;
				CLANG_ENABLE_OBJC_ARC = YES;
				CLANG_ENABLE_OBJC_WEAK = YES;
				CLANG_WARN_BLOCK_CAPTURE_AUTORELEASING = YES;
				CLANG_WARN_BOOL_CONVERSION = YES;
				CLANG_WARN_COMMA = YES;
				CLANG_WARN_CONSTANT_CONVERSION = YES;
				CLANG_WARN_DEPRECATED_OBJC_IMPLEMENTATIONS = YES;
				CLANG_WARN_DIRECT_OBJC_ISA_USAGE = YES_ERROR;
				CLANG_WARN_DOCUMENTATION_COMMENTS = YES;
				CLANG_WARN_EMPTY_BODY = YES;
				CLANG_WARN_ENUM_CONVERSION = YES;
				CLANG_WARN_INFINITE_RECURSION = YES;
				CLANG_WARN_INT_CONVERSION = YES;
				CLANG_WARN_NON_LITERAL_NULL_CONVERSION = YES;
				CLANG_WARN_OBJC_IMPLICIT_RETAIN_SELF = YES;
				CLANG_WARN_OBJC_LITERAL_CONVERSION = YES;
				CLANG_WARN_OBJC_ROOT_CLASS = YES_ERROR;
				CLANG_WARN_RANGE_LOOP_ANALYSIS = YES;
				CLANG_WARN_STRICT_PROTOTYPES = YES;
				CLANG_WARN_SUSPICIOUS_MOVE = YES;
				CLANG_WARN_UNGUARDED_AVAILABILITY = YES_AGGRESSIVE;
				CLANG_WARN_UNREACHABLE_CODE = YES;
				CLANG_WARN__DUPLICATE_METHOD_MATCH = YES;
				CODE_SIGN_IDENTITY = "iPhone Developer";
				COPY_PHASE_STRIP = NO;
				DEBUG_INFORMATION_FORMAT = dwarf;
				ENABLE_STRICT_OBJC_MSGSEND = YES;
				ENABLE_TESTABILITY = YES;
				GCC_C_LANGUAGE_STANDARD = gnu11;
				GCC_DYNAMIC_NO_PIC = NO;
				GCC_NO_COMMON_BLOCKS = YES;
				GCC_OPTIMIZATION_LEVEL = 0;
				GCC_PREPROCESSOR_DEFINITIONS = (
					"DEBUG=1",
					"$(inherited)",
				);
				GCC_WARN_64_TO_32_BIT_CONVERSION = YES;
				GCC_WARN_ABOUT_RETURN_TYPE = YES_ERROR;
				GCC_WARN_UNDECLARED_SELECTOR = YES;
				GCC_WARN_UNINITIALIZED_AUTOS = YES_AGGRESSIVE;
				GCC_WARN_UNUSED_FUNCTION = YES;
				GCC_WARN_UNUSED_VARIABLE = YES;
				IPHONEOS_DEPLOYMENT_TARGET = 12.1;
				MTL_ENABLE_DEBUG_INFO = INCLUDE_SOURCE;
				MTL_FAST_MATH = YES;
				ONLY_ACTIVE_ARCH = YES;
				SDKROOT = iphoneos;
				SWIFT_ACTIVE_COMPILATION_CONDITIONS = DEBUG;
				SWIFT_OPTIMIZATION_LEVEL = "-Onone";
			};
			name = Debug;
		};
		A7B0288D22D8275D0087B294 /* Release */ = {
			isa = XCBuildConfiguration;
			buildSettings = {
				ALWAYS_SEARCH_USER_PATHS = NO;
				CLANG_ANALYZER_NONNULL = YES;
				CLANG_ANALYZER_NUMBER_OBJECT_CONVERSION = YES_AGGRESSIVE;
				CLANG_CXX_LANGUAGE_STANDARD = "gnu++14";
				CLANG_CXX_LIBRARY = "libc++";
				CLANG_ENABLE_MODULES = YES;
				CLANG_ENABLE_OBJC_ARC = YES;
				CLANG_ENABLE_OBJC_WEAK = YES;
				CLANG_WARN_BLOCK_CAPTURE_AUTORELEASING = YES;
				CLANG_WARN_BOOL_CONVERSION = YES;
				CLANG_WARN_COMMA = YES;
				CLANG_WARN_CONSTANT_CONVERSION = YES;
				CLANG_WARN_DEPRECATED_OBJC_IMPLEMENTATIONS = YES;
				CLANG_WARN_DIRECT_OBJC_ISA_USAGE = YES_ERROR;
				CLANG_WARN_DOCUMENTATION_COMMENTS = YES;
				CLANG_WARN_EMPTY_BODY = YES;
				CLANG_WARN_ENUM_CONVERSION = YES;
				CLANG_WARN_INFINITE_RECURSION = YES;
				CLANG_WARN_INT_CONVERSION = YES;
				CLANG_WARN_NON_LITERAL_NULL_CONVERSION = YES;
				CLANG_WARN_OBJC_IMPLICIT_RETAIN_SELF = YES;
				CLANG_WARN_OBJC_LITERAL_CONVERSION = YES;
				CLANG_WARN_OBJC_ROOT_CLASS = YES_ERROR;
				CLANG_WARN_RANGE_LOOP_ANALYSIS = YES;
				CLANG_WARN_STRICT_PROTOTYPES = YES;
				CLANG_WARN_SUSPICIOUS_MOVE = YES;
				CLANG_WARN_UNGUARDED_AVAILABILITY = YES_AGGRESSIVE;
				CLANG_WARN_UNREACHABLE_CODE = YES;
				CLANG_WARN__DUPLICATE_METHOD_MATCH = YES;
				CODE_SIGN_IDENTITY = "iPhone Developer";
				COPY_PHASE_STRIP = NO;
				DEBUG_INFORMATION_FORMAT = "dwarf-with-dsym";
				ENABLE_NS_ASSERTIONS = NO;
				ENABLE_STRICT_OBJC_MSGSEND = YES;
				GCC_C_LANGUAGE_STANDARD = gnu11;
				GCC_NO_COMMON_BLOCKS = YES;
				GCC_WARN_64_TO_32_BIT_CONVERSION = YES;
				GCC_WARN_ABOUT_RETURN_TYPE = YES_ERROR;
				GCC_WARN_UNDECLARED_SELECTOR = YES;
				GCC_WARN_UNINITIALIZED_AUTOS = YES_AGGRESSIVE;
				GCC_WARN_UNUSED_FUNCTION = YES;
				GCC_WARN_UNUSED_VARIABLE = YES;
				IPHONEOS_DEPLOYMENT_TARGET = 12.1;
				MTL_ENABLE_DEBUG_INFO = NO;
				MTL_FAST_MATH = YES;
				SDKROOT = iphoneos;
				SWIFT_COMPILATION_MODE = wholemodule;
				SWIFT_OPTIMIZATION_LEVEL = "-O";
				VALIDATE_PRODUCT = YES;
			};
			name = Release;
		};
		A7B0288F22D8275D0087B294 /* Debug */ = {
			isa = XCBuildConfiguration;
			baseConfigurationReference = 73F82E1B30B162CCC72DB541 /* Pods-icebreaker_vers1.debug.xcconfig */;
			buildSettings = {
				ASSETCATALOG_COMPILER_APPICON_NAME = AppIcon;
				CODE_SIGN_STYLE = Automatic;
				DEVELOPMENT_TEAM = AA75RRYDLV;
				INFOPLIST_FILE = FoodTracker/Info.plist;
				LD_RUNPATH_SEARCH_PATHS = (
					"$(inherited)",
					"@executable_path/Frameworks",
				);
				PRODUCT_BUNDLE_IDENTIFIER = "com.rtaneja.icebreaker-vers1";
				PRODUCT_NAME = "$(TARGET_NAME)";
				SWIFT_VERSION = 4.2;
				TARGETED_DEVICE_FAMILY = "1,2";
			};
			name = Debug;
		};
		A7B0289022D8275D0087B294 /* Release */ = {
			isa = XCBuildConfiguration;
			baseConfigurationReference = 2F7D3446F002975C000A3DEA /* Pods-icebreaker_vers1.release.xcconfig */;
			buildSettings = {
				ASSETCATALOG_COMPILER_APPICON_NAME = AppIcon;
				CODE_SIGN_STYLE = Automatic;
				DEVELOPMENT_TEAM = AA75RRYDLV;
				INFOPLIST_FILE = FoodTracker/Info.plist;
				LD_RUNPATH_SEARCH_PATHS = (
					"$(inherited)",
					"@executable_path/Frameworks",
				);
				PRODUCT_BUNDLE_IDENTIFIER = "com.rtaneja.icebreaker-vers1";
				PRODUCT_NAME = "$(TARGET_NAME)";
				SWIFT_VERSION = 4.2;
				TARGETED_DEVICE_FAMILY = "1,2";
			};
			name = Release;
		};
		A7B0289222D8275D0087B294 /* Debug */ = {
			isa = XCBuildConfiguration;
			baseConfigurationReference = 7706F126969F63F34607217F /* Pods-icebreaker_vers1Tests.debug.xcconfig */;
			buildSettings = {
				ALWAYS_EMBED_SWIFT_STANDARD_LIBRARIES = YES;
				BUNDLE_LOADER = "$(TEST_HOST)";
				CODE_SIGN_STYLE = Automatic;
				INFOPLIST_FILE = FoodTrackerTests/Info.plist;
				LD_RUNPATH_SEARCH_PATHS = (
					"$(inherited)",
					"@executable_path/Frameworks",
					"@loader_path/Frameworks",
				);
				PRODUCT_BUNDLE_IDENTIFIER = com.example.FoodTrackerTests;
				PRODUCT_NAME = "$(TARGET_NAME)";
				SWIFT_VERSION = 4.2;
				TARGETED_DEVICE_FAMILY = "1,2";
				TEST_HOST = "$(BUILT_PRODUCTS_DIR)/icebreaker_vers1.app/icebreaker_vers1";
			};
			name = Debug;
		};
		A7B0289322D8275D0087B294 /* Release */ = {
			isa = XCBuildConfiguration;
			baseConfigurationReference = F8835EE835467DBCCEC2D766 /* Pods-icebreaker_vers1Tests.release.xcconfig */;
			buildSettings = {
				ALWAYS_EMBED_SWIFT_STANDARD_LIBRARIES = YES;
				BUNDLE_LOADER = "$(TEST_HOST)";
				CODE_SIGN_STYLE = Automatic;
				INFOPLIST_FILE = FoodTrackerTests/Info.plist;
				LD_RUNPATH_SEARCH_PATHS = (
					"$(inherited)",
					"@executable_path/Frameworks",
					"@loader_path/Frameworks",
				);
				PRODUCT_BUNDLE_IDENTIFIER = com.example.FoodTrackerTests;
				PRODUCT_NAME = "$(TARGET_NAME)";
				SWIFT_VERSION = 4.2;
				TARGETED_DEVICE_FAMILY = "1,2";
				TEST_HOST = "$(BUILT_PRODUCTS_DIR)/icebreaker_vers1.app/icebreaker_vers1";
			};
			name = Release;
		};
/* End XCBuildConfiguration section */

/* Begin XCConfigurationList section */
		A7B0286C22D8275B0087B294 /* Build configuration list for PBXProject "icebreaker_vers1" */ = {
			isa = XCConfigurationList;
			buildConfigurations = (
				A7B0288C22D8275D0087B294 /* Debug */,
				A7B0288D22D8275D0087B294 /* Release */,
			);
			defaultConfigurationIsVisible = 0;
			defaultConfigurationName = Release;
		};
		A7B0288E22D8275D0087B294 /* Build configuration list for PBXNativeTarget "icebreaker_vers1" */ = {
			isa = XCConfigurationList;
			buildConfigurations = (
				A7B0288F22D8275D0087B294 /* Debug */,
				A7B0289022D8275D0087B294 /* Release */,
			);
			defaultConfigurationIsVisible = 0;
			defaultConfigurationName = Release;
		};
		A7B0289122D8275D0087B294 /* Build configuration list for PBXNativeTarget "icebreaker_vers1Tests" */ = {
			isa = XCConfigurationList;
			buildConfigurations = (
				A7B0289222D8275D0087B294 /* Debug */,
				A7B0289322D8275D0087B294 /* Release */,
			);
			defaultConfigurationIsVisible = 0;
			defaultConfigurationName = Release;
		};
/* End XCConfigurationList section */
	};
	rootObject = A7B0286922D8275B0087B294 /* Project object */;
}
